
Microsoft Visual Studio Solution File, Format Version 12.00
# Visual Studio Version 17
VisualStudioVersion = 17.8.34330.188
MinimumVisualStudioVersion = 10.0.40219.1
Project("{FAE04EC0-301F-11D3-BF4B-00C04F79EFBC}") = "Repository Pattern Template", "Repository Pattern Template.csproj", "{17373C89-C4C9-4BC1-8E75-D0B6BDB8098C}"
EndProject
Global
	GlobalSection(SolutionConfigurationPlatforms) = preSolution
		Debug|Any CPU = Debug|Any CPU
		Release|Any CPU = Release|Any CPU
	EndGlobalSection
	GlobalSection(ProjectConfigurationPlatforms) = postSolution
		{17373C89-C4C9-4BC1-8E75-D0B6BDB8098C}.Debug|Any CPU.ActiveCfg = Debug|Any CPU
		{17373C89-C4C9-4BC1-8E75-D0B6BDB8098C}.Debug|Any CPU.Build.0 = Debug|Any CPU
		{17373C89-C4C9-4BC1-8E75-D0B6BDB8098C}.Release|Any CPU.ActiveCfg = Release|Any CPU
		{17373C89-C4C9-4BC1-8E75-D0B6BDB8098C}.Release|Any CPU.Build.0 = Release|Any CPU
	EndGlobalSection
	GlobalSection(SolutionProperties) = preSolution
		HideSolutionNode = FALSE
	EndGlobalSection
	GlobalSection(ExtensibilityGlobals) = postSolution
		SolutionGuid = {9DDE0929-85DD-4C8B-A705-14D03980A5AF}
	EndGlobalSection
EndGlobal
